
Microsoft Visual Studio Solution File, Format Version 12.00
# Visual Studio Version 16
VisualStudioVersion = 16.0.31613.86
MinimumVisualStudioVersion = 10.0.40219.1
Project("{FAE04EC0-301F-11D3-BF4B-00C04F79EFBC}") = "student-score-lite", "student-score-lite\student-score-lite.csproj", "{884E307D-E04F-4B1F-A87C-E9A3AEB56028}"
EndProject
Global
	GlobalSection(SolutionConfigurationPlatforms) = preSolution
		Debug|Any CPU = Debug|Any CPU
		Release|Any CPU = Release|Any CPU
	EndGlobalSection
	GlobalSection(ProjectConfigurationPlatforms) = postSolution
		{884E307D-E04F-4B1F-A87C-E9A3AEB56028}.Debug|Any CPU.ActiveCfg = Debug|Any CPU
		{884E307D-E04F-4B1F-A87C-E9A3AEB56028}.Debug|Any CPU.Build.0 = Debug|Any CPU
		{884E307D-E04F-4B1F-A87C-E9A3AEB56028}.Release|Any CPU.ActiveCfg = Release|Any CPU
		{884E307D-E04F-4B1F-A87C-E9A3AEB56028}.Release|Any CPU.Build.0 = Release|Any CPU
	EndGlobalSection
	GlobalSection(SolutionProperties) = preSolution
		HideSolutionNode = FALSE
	EndGlobalSection
	GlobalSection(ExtensibilityGlobals) = postSolution
		SolutionGuid = {CE67E1DF-8494-4F50-9E1C-D6C1200D95DF}
	EndGlobalSection
EndGlobal
